// !$*UTF8*$!
{
	archiveVersion = 1;
	classes = {
	};
	objectVersion = 46;
	objects = {

/* Begin PBXBuildFile section */
		9C096F9B1BFF965D00411D88 /* AppDelegate.swift in Sources */ = {isa = PBXBuildFile; fileRef = 9C096F9A1BFF965D00411D88 /* AppDelegate.swift */; };
		9C096F9E1BFF965D00411D88 /* discreetBook.xcdatamodeld in Sources */ = {isa = PBXBuildFile; fileRef = 9C096F9C1BFF965D00411D88 /* discreetBook.xcdatamodeld */; };
		9C096FA01BFF965D00411D88 /* MasterViewController.swift in Sources */ = {isa = PBXBuildFile; fileRef = 9C096F9F1BFF965D00411D88 /* MasterViewController.swift */; };
		9C096FA21BFF965D00411D88 /* DetailViewController.swift in Sources */ = {isa = PBXBuildFile; fileRef = 9C096FA11BFF965D00411D88 /* DetailViewController.swift */; };
		9C096FA51BFF965D00411D88 /* Main.storyboard in Resources */ = {isa = PBXBuildFile; fileRef = 9C096FA31BFF965D00411D88 /* Main.storyboard */; };
		9C096FA71BFF965D00411D88 /* Assets.xcassets in Resources */ = {isa = PBXBuildFile; fileRef = 9C096FA61BFF965D00411D88 /* Assets.xcassets */; };
		9C096FAA1BFF965D00411D88 /* LaunchScreen.storyboard in Resources */ = {isa = PBXBuildFile; fileRef = 9C096FA81BFF965D00411D88 /* LaunchScreen.storyboard */; };
		9C096FB51BFF965D00411D88 /* discreetBookTests.swift in Sources */ = {isa = PBXBuildFile; fileRef = 9C096FB41BFF965D00411D88 /* discreetBookTests.swift */; };
		9C096FC01BFF965D00411D88 /* discreetBookUITests.swift in Sources */ = {isa = PBXBuildFile; fileRef = 9C096FBF1BFF965D00411D88 /* discreetBookUITests.swift */; };
		9C096FCF1BFFA10A00411D88 /* Contact+CoreDataProperties.swift in Sources */ = {isa = PBXBuildFile; fileRef = 9C096FCD1BFFA10A00411D88 /* Contact+CoreDataProperties.swift */; };
		9C096FD01BFFA10A00411D88 /* Contact.swift in Sources */ = {isa = PBXBuildFile; fileRef = 9C096FCE1BFFA10A00411D88 /* Contact.swift */; };
		9C096FD61BFFCA7700411D88 /* AddContactViewController.swift in Sources */ = {isa = PBXBuildFile; fileRef = 9C096FD51BFFCA7700411D88 /* AddContactViewController.swift */; };
		9C6449C81C751F9F00BDFA17 /* CoreSpotlight.framework in Frameworks */ = {isa = PBXBuildFile; fileRef = 9C6449C71C751F9F00BDFA17 /* CoreSpotlight.framework */; };
		9C6449CA1C751FAC00BDFA17 /* MobileCoreServices.framework in Frameworks */ = {isa = PBXBuildFile; fileRef = 9C6449C91C751FAC00BDFA17 /* MobileCoreServices.framework */; };
		9C6449D31C7E56EB00BDFA17 /* Setting.swift in Sources */ = {isa = PBXBuildFile; fileRef = 9C6449D21C7E56EB00BDFA17 /* Setting.swift */; };
		9C6449D51C7E680200BDFA17 /* Settings.bundle in Resources */ = {isa = PBXBuildFile; fileRef = 9C6449D41C7E680200BDFA17 /* Settings.bundle */; };
		9C766EB31C32110600882147 /* discreetBookIcon2-167X167@2X.png in Resources */ = {isa = PBXBuildFile; fileRef = 9C766EB21C32110600882147 /* discreetBookIcon2-167X167@2X.png */; };
		9C88057E1C19261B00BB0317 /* EditContactViewController.swift in Sources */ = {isa = PBXBuildFile; fileRef = 9C88057D1C19261B00BB0317 /* EditContactViewController.swift */; };
		9C8805881C1B6D0700BB0317 /* discreetBookIcon2.png in Resources */ = {isa = PBXBuildFile; fileRef = 9C8805871C1B6D0700BB0317 /* discreetBookIcon2.png */; };
		9C88058A1C1B711A00BB0317 /* discreetBookIcon2-58X58@2X.png in Resources */ = {isa = PBXBuildFile; fileRef = 9C8805891C1B711A00BB0317 /* discreetBookIcon2-58X58@2X.png */; };
		9C88058C1C1B716200BB0317 /* discreetBookIcon2-80X80@2X.png in Resources */ = {isa = PBXBuildFile; fileRef = 9C88058B1C1B716200BB0317 /* discreetBookIcon2-80X80@2X.png */; };
		9C88058E1C1B716A00BB0317 /* discreetBookIcon2-87X87@3X.png in Resources */ = {isa = PBXBuildFile; fileRef = 9C88058D1C1B716A00BB0317 /* discreetBookIcon2-87X87@3X.png */; };
		9C8805901C1B717200BB0317 /* discreetBookIcon2-120X120@2X.png in Resources */ = {isa = PBXBuildFile; fileRef = 9C88058F1C1B717200BB0317 /* discreetBookIcon2-120X120@2X.png */; };
		9C8805921C1B718A00BB0317 /* discreetBookIcon2-120X120@3X.png in Resources */ = {isa = PBXBuildFile; fileRef = 9C8805911C1B718A00BB0317 /* discreetBookIcon2-120X120@3X.png */; };
		9C8805941C1B719000BB0317 /* discreetBookIcon2-180X180@3X.png in Resources */ = {isa = PBXBuildFile; fileRef = 9C8805931C1B719000BB0317 /* discreetBookIcon2-180X180@3X.png */; };
		9C8805961C1B729900BB0317 /* discreetBookIcon2-152X152@2X.png in Resources */ = {isa = PBXBuildFile; fileRef = 9C8805951C1B729900BB0317 /* discreetBookIcon2-152X152@2X.png */; };
		9C8805981C1B72A900BB0317 /* discreetBookIcon2-76X76@1X.png in Resources */ = {isa = PBXBuildFile; fileRef = 9C8805971C1B72A900BB0317 /* discreetBookIcon2-76X76@1X.png */; };
		9C88059A1C1B72B300BB0317 /* discreetBookIcon2-29X29@1X.png in Resources */ = {isa = PBXBuildFile; fileRef = 9C8805991C1B72B300BB0317 /* discreetBookIcon2-29X29@1X.png */; };
		9C88059C1C1B72B900BB0317 /* discreetBookIcon2-40X40@1X.png in Resources */ = {isa = PBXBuildFile; fileRef = 9C88059B1C1B72B900BB0317 /* discreetBookIcon2-40X40@1X.png */; };
		9C88059E1C1B760800BB0317 /* discreetBookIcon2-600X600Launch5S.png in Resources */ = {isa = PBXBuildFile; fileRef = 9C88059D1C1B760800BB0317 /* discreetBookIcon2-600X600Launch5S.png */; };
		9CB0ED561C127E65006E1327 /* CoreDataStack.swift in Sources */ = {isa = PBXBuildFile; fileRef = 9CB0ED551C127E65006E1327 /* CoreDataStack.swift */; };
		9CCFF3F51C32794C00B72073 /* MessageUI.framework in Frameworks */ = {isa = PBXBuildFile; fileRef = 9CCFF3F41C32794C00B72073 /* MessageUI.framework */; };
/* End PBXBuildFile section */

/* Begin PBXContainerItemProxy section */
		9C096FB11BFF965D00411D88 /* PBXContainerItemProxy */ = {
			isa = PBXContainerItemProxy;
			containerPortal = 9C096F8F1BFF965D00411D88 /* Project object */;
			proxyType = 1;
			remoteGlobalIDString = 9C096F961BFF965D00411D88;
			remoteInfo = DiscreetBook;
		};
		9C096FBC1BFF965D00411D88 /* PBXContainerItemProxy */ = {
			isa = PBXContainerItemProxy;
			containerPortal = 9C096F8F1BFF965D00411D88 /* Project object */;
			proxyType = 1;
			remoteGlobalIDString = 9C096F961BFF965D00411D88;
			remoteInfo = DiscreetBook;
		};
/* End PBXContainerItemProxy section */

/* Begin PBXFileReference section */
		9C096F971BFF965D00411D88 /* discreetBook.app */ = {isa = PBXFileReference; explicitFileType = wrapper.application; includeInIndex = 0; path = discreetBook.app; sourceTree = BUILT_PRODUCTS_DIR; };
		9C096F9A1BFF965D00411D88 /* AppDelegate.swift */ = {isa = PBXFileReference; lastKnownFileType = sourcecode.swift; path = AppDelegate.swift; sourceTree = "<group>"; };
		9C096F9D1BFF965D00411D88 /* discreetBook.xcdatamodel */ = {isa = PBXFileReference; lastKnownFileType = wrapper.xcdatamodel; path = discreetBook.xcdatamodel; sourceTree = "<group>"; };
		9C096F9F1BFF965D00411D88 /* MasterViewController.swift */ = {isa = PBXFileReference; lastKnownFileType = sourcecode.swift; path = MasterViewController.swift; sourceTree = "<group>"; };
		9C096FA11BFF965D00411D88 /* DetailViewController.swift */ = {isa = PBXFileReference; lastKnownFileType = sourcecode.swift; path = DetailViewController.swift; sourceTree = "<group>"; };
		9C096FA41BFF965D00411D88 /* Base */ = {isa = PBXFileReference; lastKnownFileType = file.storyboard; name = Base; path = Base.lproj/Main.storyboard; sourceTree = "<group>"; };
		9C096FA61BFF965D00411D88 /* Assets.xcassets */ = {isa = PBXFileReference; lastKnownFileType = folder.assetcatalog; path = Assets.xcassets; sourceTree = "<group>"; };
		9C096FA91BFF965D00411D88 /* Base */ = {isa = PBXFileReference; lastKnownFileType = file.storyboard; name = Base; path = Base.lproj/LaunchScreen.storyboard; sourceTree = "<group>"; };
		9C096FAB1BFF965D00411D88 /* Info.plist */ = {isa = PBXFileReference; lastKnownFileType = text.plist.xml; path = Info.plist; sourceTree = "<group>"; };
		9C096FB01BFF965D00411D88 /* discreetBook.temp_caseinsensitive_rename.xctest */ = {isa = PBXFileReference; explicitFileType = wrapper.cfbundle; includeInIndex = 0; path = discreetBook.temp_caseinsensitive_rename.xctest; sourceTree = BUILT_PRODUCTS_DIR; };
		9C096FB41BFF965D00411D88 /* discreetBookTests.swift */ = {isa = PBXFileReference; lastKnownFileType = sourcecode.swift; path = discreetBookTests.swift; sourceTree = "<group>"; };
		9C096FB61BFF965D00411D88 /* Info.plist */ = {isa = PBXFileReference; lastKnownFileType = text.plist.xml; path = Info.plist; sourceTree = "<group>"; };
		9C096FBB1BFF965D00411D88 /* discreetBook.xctest */ = {isa = PBXFileReference; explicitFileType = wrapper.cfbundle; includeInIndex = 0; path = discreetBook.xctest; sourceTree = BUILT_PRODUCTS_DIR; };
		9C096FBF1BFF965D00411D88 /* discreetBookUITests.swift */ = {isa = PBXFileReference; lastKnownFileType = sourcecode.swift; path = discreetBookUITests.swift; sourceTree = "<group>"; };
		9C096FC11BFF965D00411D88 /* Info.plist */ = {isa = PBXFileReference; lastKnownFileType = text.plist.xml; path = Info.plist; sourceTree = "<group>"; };
		9C096FCD1BFFA10A00411D88 /* Contact+CoreDataProperties.swift */ = {isa = PBXFileReference; fileEncoding = 4; lastKnownFileType = sourcecode.swift; path = "Contact+CoreDataProperties.swift"; sourceTree = "<group>"; };
		9C096FCE1BFFA10A00411D88 /* Contact.swift */ = {isa = PBXFileReference; fileEncoding = 4; lastKnownFileType = sourcecode.swift; path = Contact.swift; sourceTree = "<group>"; };
		9C096FD51BFFCA7700411D88 /* AddContactViewController.swift */ = {isa = PBXFileReference; fileEncoding = 4; lastKnownFileType = sourcecode.swift; path = AddContactViewController.swift; sourceTree = "<group>"; };
		9C6449C71C751F9F00BDFA17 /* CoreSpotlight.framework */ = {isa = PBXFileReference; lastKnownFileType = wrapper.framework; name = CoreSpotlight.framework; path = System/Library/Frameworks/CoreSpotlight.framework; sourceTree = SDKROOT; };
		9C6449C91C751FAC00BDFA17 /* MobileCoreServices.framework */ = {isa = PBXFileReference; lastKnownFileType = wrapper.framework; name = MobileCoreServices.framework; path = System/Library/Frameworks/MobileCoreServices.framework; sourceTree = SDKROOT; };
		9C6449D21C7E56EB00BDFA17 /* Setting.swift */ = {isa = PBXFileReference; fileEncoding = 4; lastKnownFileType = sourcecode.swift; path = Setting.swift; sourceTree = "<group>"; };
		9C6449D41C7E680200BDFA17 /* Settings.bundle */ = {isa = PBXFileReference; lastKnownFileType = "wrapper.plug-in"; path = Settings.bundle; sourceTree = "<group>"; };
		9C766EB21C32110600882147 /* discreetBookIcon2-167X167@2X.png */ = {isa = PBXFileReference; lastKnownFileType = image.png; path = "discreetBookIcon2-167X167@2X.png"; sourceTree = "<group>"; };
		9C88057D1C19261B00BB0317 /* EditContactViewController.swift */ = {isa = PBXFileReference; fileEncoding = 4; lastKnownFileType = sourcecode.swift; path = EditContactViewController.swift; sourceTree = "<group>"; };
		9C8805871C1B6D0700BB0317 /* discreetBookIcon2.png */ = {isa = PBXFileReference; lastKnownFileType = image.png; name = discreetBookIcon2.png; path = ../discreetBookIcon2.png; sourceTree = "<group>"; };
		9C8805891C1B711A00BB0317 /* discreetBookIcon2-58X58@2X.png */ = {isa = PBXFileReference; lastKnownFileType = image.png; name = "discreetBookIcon2-58X58@2X.png"; path = "../discreetBookIcon2-58X58@2X.png"; sourceTree = "<group>"; };
		9C88058B1C1B716200BB0317 /* discreetBookIcon2-80X80@2X.png */ = {isa = PBXFileReference; lastKnownFileType = image.png; name = "discreetBookIcon2-80X80@2X.png"; path = "../discreetBookIcon2-80X80@2X.png"; sourceTree = "<group>"; };
		9C88058D1C1B716A00BB0317 /* discreetBookIcon2-87X87@3X.png */ = {isa = PBXFileReference; lastKnownFileType = image.png; name = "discreetBookIcon2-87X87@3X.png"; path = "../discreetBookIcon2-87X87@3X.png"; sourceTree = "<group>"; };
		9C88058F1C1B717200BB0317 /* discreetBookIcon2-120X120@2X.png */ = {isa = PBXFileReference; lastKnownFileType = image.png; name = "discreetBookIcon2-120X120@2X.png"; path = "../discreetBookIcon2-120X120@2X.png"; sourceTree = "<group>"; };
		9C8805911C1B718A00BB0317 /* discreetBookIcon2-120X120@3X.png */ = {isa = PBXFileReference; lastKnownFileType = image.png; name = "discreetBookIcon2-120X120@3X.png"; path = "../discreetBookIcon2-120X120@3X.png"; sourceTree = "<group>"; };
		9C8805931C1B719000BB0317 /* discreetBookIcon2-180X180@3X.png */ = {isa = PBXFileReference; lastKnownFileType = image.png; name = "discreetBookIcon2-180X180@3X.png"; path = "../discreetBookIcon2-180X180@3X.png"; sourceTree = "<group>"; };
		9C8805951C1B729900BB0317 /* discreetBookIcon2-152X152@2X.png */ = {isa = PBXFileReference; lastKnownFileType = image.png; name = "discreetBookIcon2-152X152@2X.png"; path = "../discreetBookIcon2-152X152@2X.png"; sourceTree = "<group>"; };
		9C8805971C1B72A900BB0317 /* discreetBookIcon2-76X76@1X.png */ = {isa = PBXFileReference; lastKnownFileType = image.png; name = "discreetBookIcon2-76X76@1X.png"; path = "../discreetBookIcon2-76X76@1X.png"; sourceTree = "<group>"; };
		9C8805991C1B72B300BB0317 /* discreetBookIcon2-29X29@1X.png */ = {isa = PBXFileReference; lastKnownFileType = image.png; name = "discreetBookIcon2-29X29@1X.png"; path = "../discreetBookIcon2-29X29@1X.png"; sourceTree = "<group>"; };
		9C88059B1C1B72B900BB0317 /* discreetBookIcon2-40X40@1X.png */ = {isa = PBXFileReference; lastKnownFileType = image.png; name = "discreetBookIcon2-40X40@1X.png"; path = "../discreetBookIcon2-40X40@1X.png"; sourceTree = "<group>"; };
		9C88059D1C1B760800BB0317 /* discreetBookIcon2-600X600Launch5S.png */ = {isa = PBXFileReference; lastKnownFileType = image.png; name = "discreetBookIcon2-600X600Launch5S.png"; path = "../discreetBookIcon2-600X600Launch5S.png"; sourceTree = "<group>"; };
		9CB0ED551C127E65006E1327 /* CoreDataStack.swift */ = {isa = PBXFileReference; fileEncoding = 4; lastKnownFileType = sourcecode.swift; path = CoreDataStack.swift; sourceTree = "<group>"; };
		9CCFF3F41C32794C00B72073 /* MessageUI.framework */ = {isa = PBXFileReference; lastKnownFileType = wrapper.framework; name = MessageUI.framework; path = System/Library/Frameworks/MessageUI.framework; sourceTree = SDKROOT; };
/* End PBXFileReference section */

/* Begin PBXFrameworksBuildPhase section */
		9C096F941BFF965D00411D88 /* Frameworks */ = {
			isa = PBXFrameworksBuildPhase;
			buildActionMask = 2147483647;
			files = (
				9C6449CA1C751FAC00BDFA17 /* MobileCoreServices.framework in Frameworks */,
				9C6449C81C751F9F00BDFA17 /* CoreSpotlight.framework in Frameworks */,
				9CCFF3F51C32794C00B72073 /* MessageUI.framework in Frameworks */,
			);
			runOnlyForDeploymentPostprocessing = 0;
		};
		9C096FAD1BFF965D00411D88 /* Frameworks */ = {
			isa = PBXFrameworksBuildPhase;
			buildActionMask = 2147483647;
			files = (
			);
			runOnlyForDeploymentPostprocessing = 0;
		};
		9C096FB81BFF965D00411D88 /* Frameworks */ = {
			isa = PBXFrameworksBuildPhase;
			buildActionMask = 2147483647;
			files = (
			);
			runOnlyForDeploymentPostprocessing = 0;
		};
/* End PBXFrameworksBuildPhase section */

/* Begin PBXGroup section */
		9C096F8E1BFF965D00411D88 = {
			isa = PBXGroup;
			children = (
				9C6449D41C7E680200BDFA17 /* Settings.bundle */,
				9C6449C91C751FAC00BDFA17 /* MobileCoreServices.framework */,
				9C6449C71C751F9F00BDFA17 /* CoreSpotlight.framework */,
				9CCFF3F41C32794C00B72073 /* MessageUI.framework */,
				9C096F991BFF965D00411D88 /* discreetBook */,
				9C096FB31BFF965D00411D88 /* discreetBookTests */,
				9C096FBE1BFF965D00411D88 /* discreetBookUITests */,
				9C096F981BFF965D00411D88 /* Products */,
			);
			sourceTree = "<group>";
		};
		9C096F981BFF965D00411D88 /* Products */ = {
			isa = PBXGroup;
			children = (
				9C096F971BFF965D00411D88 /* discreetBook.app */,
				9C096FB01BFF965D00411D88 /* discreetBook.temp_caseinsensitive_rename.xctest */,
				9C096FBB1BFF965D00411D88 /* discreetBook.xctest */,
			);
			name = Products;
			sourceTree = "<group>";
		};
		9C096F991BFF965D00411D88 /* discreetBook */ = {
			isa = PBXGroup;
			children = (
				9C096FCD1BFFA10A00411D88 /* Contact+CoreDataProperties.swift */,
				9C096FCE1BFFA10A00411D88 /* Contact.swift */,
				9C096F9A1BFF965D00411D88 /* AppDelegate.swift */,
				9CB0ED551C127E65006E1327 /* CoreDataStack.swift */,
				9C096F9F1BFF965D00411D88 /* MasterViewController.swift */,
				9C096FA11BFF965D00411D88 /* DetailViewController.swift */,
				9C096FA31BFF965D00411D88 /* Main.storyboard */,
				9C88057D1C19261B00BB0317 /* EditContactViewController.swift */,
				9C096FD51BFFCA7700411D88 /* AddContactViewController.swift */,
				9C6449D21C7E56EB00BDFA17 /* Setting.swift */,
				9C096FA61BFF965D00411D88 /* Assets.xcassets */,
				9C096FA81BFF965D00411D88 /* LaunchScreen.storyboard */,
				9C6449CD1C7CCC5400BDFA17 /* Images */,
				9C096FAB1BFF965D00411D88 /* Info.plist */,
				9C096F9C1BFF965D00411D88 /* discreetBook.xcdatamodeld */,
			);
			name = discreetBook;
			path = DiscreetBook;
			sourceTree = "<group>";
		};
		9C096FB31BFF965D00411D88 /* discreetBookTests */ = {
			isa = PBXGroup;
			children = (
				9C096FB41BFF965D00411D88 /* discreetBookTests.swift */,
				9C096FB61BFF965D00411D88 /* Info.plist */,
			);
			name = discreetBookTests;
			path = DiscreetBookTests;
			sourceTree = "<group>";
		};
		9C096FBE1BFF965D00411D88 /* discreetBookUITests */ = {
			isa = PBXGroup;
			children = (
				9C096FBF1BFF965D00411D88 /* discreetBookUITests.swift */,
				9C096FC11BFF965D00411D88 /* Info.plist */,
			);
			name = discreetBookUITests;
			path = DiscreetBookUITests;
			sourceTree = "<group>";
		};
		9C6449CD1C7CCC5400BDFA17 /* Images */ = {
			isa = PBXGroup;
			children = (
				9C88059D1C1B760800BB0317 /* discreetBookIcon2-600X600Launch5S.png */,
				9C8805871C1B6D0700BB0317 /* discreetBookIcon2.png */,
				9C88059B1C1B72B900BB0317 /* discreetBookIcon2-40X40@1X.png */,
				9C8805991C1B72B300BB0317 /* discreetBookIcon2-29X29@1X.png */,
				9C8805971C1B72A900BB0317 /* discreetBookIcon2-76X76@1X.png */,
				9C8805951C1B729900BB0317 /* discreetBookIcon2-152X152@2X.png */,
				9C8805931C1B719000BB0317 /* discreetBookIcon2-180X180@3X.png */,
				9C8805911C1B718A00BB0317 /* discreetBookIcon2-120X120@3X.png */,
				9C88058F1C1B717200BB0317 /* discreetBookIcon2-120X120@2X.png */,
				9C88058D1C1B716A00BB0317 /* discreetBookIcon2-87X87@3X.png */,
				9C88058B1C1B716200BB0317 /* discreetBookIcon2-80X80@2X.png */,
				9C8805891C1B711A00BB0317 /* discreetBookIcon2-58X58@2X.png */,
				9C766EB21C32110600882147 /* discreetBookIcon2-167X167@2X.png */,
			);
			name = Images;
			sourceTree = "<group>";
		};
/* End PBXGroup section */

/* Begin PBXNativeTarget section */
		9C096F961BFF965D00411D88 /* discreetBook */ = {
			isa = PBXNativeTarget;
			buildConfigurationList = 9C096FC41BFF965D00411D88 /* Build configuration list for PBXNativeTarget "discreetBook" */;
			buildPhases = (
				9C096F931BFF965D00411D88 /* Sources */,
				9C096F941BFF965D00411D88 /* Frameworks */,
				9C096F951BFF965D00411D88 /* Resources */,
			);
			buildRules = (
			);
			dependencies = (
			);
			name = discreetBook;
			productName = DiscreetBook;
			productReference = 9C096F971BFF965D00411D88 /* discreetBook.app */;
			productType = "com.apple.product-type.application";
		};
		9C096FAF1BFF965D00411D88 /* discreetBookTests */ = {
			isa = PBXNativeTarget;
			buildConfigurationList = 9C096FC71BFF965D00411D88 /* Build configuration list for PBXNativeTarget "discreetBookTests" */;
			buildPhases = (
				9C096FAC1BFF965D00411D88 /* Sources */,
				9C096FAD1BFF965D00411D88 /* Frameworks */,
				9C096FAE1BFF965D00411D88 /* Resources */,
			);
			buildRules = (
			);
			dependencies = (
				9C096FB21BFF965D00411D88 /* PBXTargetDependency */,
			);
			name = discreetBookTests;
			productName = DiscreetBookTests;
			productReference = 9C096FB01BFF965D00411D88 /* discreetBook.temp_caseinsensitive_rename.xctest */;
			productType = "com.apple.product-type.bundle.unit-test";
		};
		9C096FBA1BFF965D00411D88 /* discreetBookUITests */ = {
			isa = PBXNativeTarget;
			buildConfigurationList = 9C096FCA1BFF965D00411D88 /* Build configuration list for PBXNativeTarget "discreetBookUITests" */;
			buildPhases = (
				9C096FB71BFF965D00411D88 /* Sources */,
				9C096FB81BFF965D00411D88 /* Frameworks */,
				9C096FB91BFF965D00411D88 /* Resources */,
			);
			buildRules = (
			);
			dependencies = (
				9C096FBD1BFF965D00411D88 /* PBXTargetDependency */,
			);
			name = discreetBookUITests;
			productName = DiscreetBookUITests;
			productReference = 9C096FBB1BFF965D00411D88 /* discreetBook.xctest */;
			productType = "com.apple.product-type.bundle.ui-testing";
		};
/* End PBXNativeTarget section */

/* Begin PBXProject section */
		9C096F8F1BFF965D00411D88 /* Project object */ = {
			isa = PBXProject;
			attributes = {
				LastSwiftUpdateCheck = 0710;
				LastUpgradeCheck = 0710;
				ORGANIZATIONNAME = "Bella Voce Productions";
				TargetAttributes = {
					9C096F961BFF965D00411D88 = {
						CreatedOnToolsVersion = 7.1.1;
						DevelopmentTeam = BU3R4YBAT8;
						LastSwiftMigration = 0800;
					};
					9C096FAF1BFF965D00411D88 = {
						CreatedOnToolsVersion = 7.1.1;
						DevelopmentTeam = BU3R4YBAT8;
						LastSwiftMigration = 0800;
						TestTargetID = 9C096F961BFF965D00411D88;
					};
					9C096FBA1BFF965D00411D88 = {
						CreatedOnToolsVersion = 7.1.1;
						DevelopmentTeam = FEF46939Q9;
						LastSwiftMigration = 0800;
						TestTargetID = 9C096F961BFF965D00411D88;
					};
				};
			};
			buildConfigurationList = 9C096F921BFF965D00411D88 /* Build configuration list for PBXProject "discreetBook" */;
			compatibilityVersion = "Xcode 3.2";
			developmentRegion = English;
			hasScannedForEncodings = 0;
			knownRegions = (
				en,
				Base,
			);
			mainGroup = 9C096F8E1BFF965D00411D88;
			productRefGroup = 9C096F981BFF965D00411D88 /* Products */;
			projectDirPath = "";
			projectRoot = "";
			targets = (
				9C096F961BFF965D00411D88 /* discreetBook */,
				9C096FAF1BFF965D00411D88 /* discreetBookTests */,
				9C096FBA1BFF965D00411D88 /* discreetBookUITests */,
			);
		};
/* End PBXProject section */

/* Begin PBXResourcesBuildPhase section */
		9C096F951BFF965D00411D88 /* Resources */ = {
			isa = PBXResourcesBuildPhase;
			buildActionMask = 2147483647;
			files = (
				9C6449D51C7E680200BDFA17 /* Settings.bundle in Resources */,
				9C096FAA1BFF965D00411D88 /* LaunchScreen.storyboard in Resources */,
				9C8805881C1B6D0700BB0317 /* discreetBookIcon2.png in Resources */,
				9C88059E1C1B760800BB0317 /* discreetBookIcon2-600X600Launch5S.png in Resources */,
				9C88059A1C1B72B300BB0317 /* discreetBookIcon2-29X29@1X.png in Resources */,
				9C88059C1C1B72B900BB0317 /* discreetBookIcon2-40X40@1X.png in Resources */,
				9C88058A1C1B711A00BB0317 /* discreetBookIcon2-58X58@2X.png in Resources */,
				9C8805981C1B72A900BB0317 /* discreetBookIcon2-76X76@1X.png in Resources */,
				9C88058C1C1B716200BB0317 /* discreetBookIcon2-80X80@2X.png in Resources */,
				9C88058E1C1B716A00BB0317 /* discreetBookIcon2-87X87@3X.png in Resources */,
				9C8805901C1B717200BB0317 /* discreetBookIcon2-120X120@2X.png in Resources */,
				9C8805921C1B718A00BB0317 /* discreetBookIcon2-120X120@3X.png in Resources */,
				9C8805961C1B729900BB0317 /* discreetBookIcon2-152X152@2X.png in Resources */,
				9C766EB31C32110600882147 /* discreetBookIcon2-167X167@2X.png in Resources */,
				9C8805941C1B719000BB0317 /* discreetBookIcon2-180X180@3X.png in Resources */,
				9C096FA71BFF965D00411D88 /* Assets.xcassets in Resources */,
				9C096FA51BFF965D00411D88 /* Main.storyboard in Resources */,
			);
			runOnlyForDeploymentPostprocessing = 0;
		};
		9C096FAE1BFF965D00411D88 /* Resources */ = {
			isa = PBXResourcesBuildPhase;
			buildActionMask = 2147483647;
			files = (
			);
			runOnlyForDeploymentPostprocessing = 0;
		};
		9C096FB91BFF965D00411D88 /* Resources */ = {
			isa = PBXResourcesBuildPhase;
			buildActionMask = 2147483647;
			files = (
			);
			runOnlyForDeploymentPostprocessing = 0;
		};
/* End PBXResourcesBuildPhase section */

/* Begin PBXSourcesBuildPhase section */
		9C096F931BFF965D00411D88 /* Sources */ = {
			isa = PBXSourcesBuildPhase;
			buildActionMask = 2147483647;
			files = (
				9C6449D31C7E56EB00BDFA17 /* Setting.swift in Sources */,
				9C096FD01BFFA10A00411D88 /* Contact.swift in Sources */,
				9C096F9B1BFF965D00411D88 /* AppDelegate.swift in Sources */,
				9C096F9E1BFF965D00411D88 /* discreetBook.xcdatamodeld in Sources */,
				9C096FA01BFF965D00411D88 /* MasterViewController.swift in Sources */,
				9C096FD61BFFCA7700411D88 /* AddContactViewController.swift in Sources */,
				9C88057E1C19261B00BB0317 /* EditContactViewController.swift in Sources */,
				9C096FCF1BFFA10A00411D88 /* Contact+CoreDataProperties.swift in Sources */,
				9C096FA21BFF965D00411D88 /* DetailViewController.swift in Sources */,
				9CB0ED561C127E65006E1327 /* CoreDataStack.swift in Sources */,
			);
			runOnlyForDeploymentPostprocessing = 0;
		};
		9C096FAC1BFF965D00411D88 /* Sources */ = {
			isa = PBXSourcesBuildPhase;
			buildActionMask = 2147483647;
			files = (
				9C096FB51BFF965D00411D88 /* discreetBookTests.swift in Sources */,
			);
			runOnlyForDeploymentPostprocessing = 0;
		};
		9C096FB71BFF965D00411D88 /* Sources */ = {
			isa = PBXSourcesBuildPhase;
			buildActionMask = 2147483647;
			files = (
				9C096FC01BFF965D00411D88 /* discreetBookUITests.swift in Sources */,
			);
			runOnlyForDeploymentPostprocessing = 0;
		};
/* End PBXSourcesBuildPhase section */

/* Begin PBXTargetDependency section */
		9C096FB21BFF965D00411D88 /* PBXTargetDependency */ = {
			isa = PBXTargetDependency;
			target = 9C096F961BFF965D00411D88 /* discreetBook */;
			targetProxy = 9C096FB11BFF965D00411D88 /* PBXContainerItemProxy */;
		};
		9C096FBD1BFF965D00411D88 /* PBXTargetDependency */ = {
			isa = PBXTargetDependency;
			target = 9C096F961BFF965D00411D88 /* discreetBook */;
			targetProxy = 9C096FBC1BFF965D00411D88 /* PBXContainerItemProxy */;
		};
/* End PBXTargetDependency section */

/* Begin PBXVariantGroup section */
		9C096FA31BFF965D00411D88 /* Main.storyboard */ = {
			isa = PBXVariantGroup;
			children = (
				9C096FA41BFF965D00411D88 /* Base */,
			);
			name = Main.storyboard;
			sourceTree = "<group>";
		};
		9C096FA81BFF965D00411D88 /* LaunchScreen.storyboard */ = {
			isa = PBXVariantGroup;
			children = (
				9C096FA91BFF965D00411D88 /* Base */,
			);
			name = LaunchScreen.storyboard;
			sourceTree = "<group>";
		};
/* End PBXVariantGroup section */

/* Begin XCBuildConfiguration section */
		9C096FC21BFF965D00411D88 /* Debug */ = {
			isa = XCBuildConfiguration;
			buildSettings = {
				ALWAYS_SEARCH_USER_PATHS = NO;
				CLANG_CXX_LANGUAGE_STANDARD = "gnu++0x";
				CLANG_CXX_LIBRARY = "libc++";
				CLANG_ENABLE_MODULES = YES;
				CLANG_ENABLE_OBJC_ARC = YES;
				CLANG_WARN_BOOL_CONVERSION = YES;
				CLANG_WARN_CONSTANT_CONVERSION = YES;
				CLANG_WARN_DIRECT_OBJC_ISA_USAGE = YES_ERROR;
				CLANG_WARN_EMPTY_BODY = YES;
				CLANG_WARN_ENUM_CONVERSION = YES;
				CLANG_WARN_INT_CONVERSION = YES;
				CLANG_WARN_OBJC_ROOT_CLASS = YES_ERROR;
				CLANG_WARN_UNREACHABLE_CODE = YES;
				CLANG_WARN__DUPLICATE_METHOD_MATCH = YES;
				CODE_SIGN_IDENTITY = "iPhone Developer";
				"CODE_SIGN_IDENTITY[sdk=iphoneos*]" = "iPhone Developer";
				COPY_PHASE_STRIP = NO;
				DEBUG_INFORMATION_FORMAT = dwarf;
				ENABLE_STRICT_OBJC_MSGSEND = YES;
				ENABLE_TESTABILITY = YES;
				GCC_C_LANGUAGE_STANDARD = gnu99;
				GCC_DYNAMIC_NO_PIC = NO;
				GCC_NO_COMMON_BLOCKS = YES;
				GCC_OPTIMIZATION_LEVEL = 0;
				GCC_PREPROCESSOR_DEFINITIONS = (
					"DEBUG=1",
					"$(inherited)",
				);
				GCC_WARN_64_TO_32_BIT_CONVERSION = YES;
				GCC_WARN_ABOUT_RETURN_TYPE = YES_ERROR;
				GCC_WARN_UNDECLARED_SELECTOR = YES;
				GCC_WARN_UNINITIALIZED_AUTOS = YES_AGGRESSIVE;
				GCC_WARN_UNUSED_FUNCTION = YES;
				GCC_WARN_UNUSED_VARIABLE = YES;
				IPHONEOS_DEPLOYMENT_TARGET = 9.1;
				MTL_ENABLE_DEBUG_INFO = YES;
				ONLY_ACTIVE_ARCH = YES;
				SDKROOT = iphoneos;
				SWIFT_OPTIMIZATION_LEVEL = "-Onone";
				TARGETED_DEVICE_FAMILY = "1,2";
			};
			name = Debug;
		};
		9C096FC31BFF965D00411D88 /* Release */ = {
			isa = XCBuildConfiguration;
			buildSettings = {
				ALWAYS_SEARCH_USER_PATHS = NO;
				CLANG_CXX_LANGUAGE_STANDARD = "gnu++0x";
				CLANG_CXX_LIBRARY = "libc++";
				CLANG_ENABLE_MODULES = YES;
				CLANG_ENABLE_OBJC_ARC = YES;
				CLANG_WARN_BOOL_CONVERSION = YES;
				CLANG_WARN_CONSTANT_CONVERSION = YES;
				CLANG_WARN_DIRECT_OBJC_ISA_USAGE = YES_ERROR;
				CLANG_WARN_EMPTY_BODY = YES;
				CLANG_WARN_ENUM_CONVERSION = YES;
				CLANG_WARN_INT_CONVERSION = YES;
				CLANG_WARN_OBJC_ROOT_CLASS = YES_ERROR;
				CLANG_WARN_UNREACHABLE_CODE = YES;
				CLANG_WARN__DUPLICATE_METHOD_MATCH = YES;
				CODE_SIGN_IDENTITY = "iPhone Developer";
				"CODE_SIGN_IDENTITY[sdk=iphoneos*]" = "iPhone Developer";
				COPY_PHASE_STRIP = NO;
				DEBUG_INFORMATION_FORMAT = "dwarf-with-dsym";
				ENABLE_NS_ASSERTIONS = NO;
				ENABLE_STRICT_OBJC_MSGSEND = YES;
				GCC_C_LANGUAGE_STANDARD = gnu99;
				GCC_NO_COMMON_BLOCKS = YES;
				GCC_WARN_64_TO_32_BIT_CONVERSION = YES;
				GCC_WARN_ABOUT_RETURN_TYPE = YES_ERROR;
				GCC_WARN_UNDECLARED_SELECTOR = YES;
				GCC_WARN_UNINITIALIZED_AUTOS = YES_AGGRESSIVE;
				GCC_WARN_UNUSED_FUNCTION = YES;
				GCC_WARN_UNUSED_VARIABLE = YES;
				IPHONEOS_DEPLOYMENT_TARGET = 9.1;
				MTL_ENABLE_DEBUG_INFO = NO;
				SDKROOT = iphoneos;
				TARGETED_DEVICE_FAMILY = "1,2";
				VALIDATE_PRODUCT = YES;
			};
			name = Release;
		};
		9C096FC51BFF965D00411D88 /* Debug */ = {
			isa = XCBuildConfiguration;
			buildSettings = {
				ASSETCATALOG_COMPILER_APPICON_NAME = AppIcon;
				CODE_SIGN_IDENTITY = "iPhone Developer";
				"CODE_SIGN_IDENTITY[sdk=iphoneos*]" = "iPhone Developer";
				DEVELOPMENT_TEAM = BU3R4YBAT8;
				INFOPLIST_FILE = discreetBook/Info.plist;
				LD_RUNPATH_SEARCH_PATHS = "$(inherited) @executable_path/Frameworks";
				PRODUCT_BUNDLE_IDENTIFIER = "com.bellavoceproductions.discreet-Book";
				PRODUCT_NAME = discreetBook;
				PROVISIONING_PROFILE = "";
				SWIFT_VERSION = 3.0;
				TARGETED_DEVICE_FAMILY = "1,2";
			};
			name = Debug;
		};
		9C096FC61BFF965D00411D88 /* Release */ = {
			isa = XCBuildConfiguration;
			buildSettings = {
				ASSETCATALOG_COMPILER_APPICON_NAME = AppIcon;
				CODE_SIGN_IDENTITY = "iPhone Developer";
				"CODE_SIGN_IDENTITY[sdk=iphoneos*]" = "iPhone Developer";
				DEVELOPMENT_TEAM = BU3R4YBAT8;
				INFOPLIST_FILE = discreetBook/Info.plist;
				LD_RUNPATH_SEARCH_PATHS = "$(inherited) @executable_path/Frameworks";
				PRODUCT_BUNDLE_IDENTIFIER = "com.bellavoceproductions.discreet-Book";
				PRODUCT_NAME = discreetBook;
				PROVISIONING_PROFILE = "";
				SWIFT_VERSION = 3.0;
				TARGETED_DEVICE_FAMILY = "1,2";
			};
			name = Release;
		};
		9C096FC81BFF965D00411D88 /* Debug */ = {
			isa = XCBuildConfiguration;
			buildSettings = {
				BUNDLE_LOADER = "$(TEST_HOST)";
				DEVELOPMENT_TEAM = BU3R4YBAT8;
				INFOPLIST_FILE = discreetBookTests/Info.plist;
				LD_RUNPATH_SEARCH_PATHS = "$(inherited) @executable_path/Frameworks @loader_path/Frameworks";
				PRODUCT_BUNDLE_IDENTIFIER = com.bellavoceproductions.discreetBookTests;
				PRODUCT_NAME = discreetBook.temp_caseinsensitive_rename;
				SWIFT_VERSION = 3.0;
				TEST_HOST = "$(BUILT_PRODUCTS_DIR)/discreetBook.app/discreetBook";
			};
			name = Debug;
		};
		9C096FC91BFF965D00411D88 /* Release */ = {
			isa = XCBuildConfiguration;
			buildSettings = {
				BUNDLE_LOADER = "$(TEST_HOST)";
				DEVELOPMENT_TEAM = BU3R4YBAT8;
				INFOPLIST_FILE = discreetBookTests/Info.plist;
				LD_RUNPATH_SEARCH_PATHS = "$(inherited) @executable_path/Frameworks @loader_path/Frameworks";
				PRODUCT_BUNDLE_IDENTIFIER = com.bellavoceproductions.discreetBookTests;
				PRODUCT_NAME = discreetBook.temp_caseinsensitive_rename;
				SWIFT_VERSION = 3.0;
				TEST_HOST = "$(BUILT_PRODUCTS_DIR)/discreetBook.app/discreetBook";
			};
			name = Release;
		};
		9C096FCB1BFF965D00411D88 /* Debug */ = {
			isa = XCBuildConfiguration;
			buildSettings = {
				INFOPLIST_FILE = discreetBookUITests/Info.plist;
				LD_RUNPATH_SEARCH_PATHS = "$(inherited) @executable_path/Frameworks @loader_path/Frameworks";
				PRODUCT_BUNDLE_IDENTIFIER = com.bellavoceproductions.discreetBookUITests;
				PRODUCT_NAME = discreetBook;
				SWIFT_VERSION = 3.0;
				TEST_TARGET_NAME = discreetBook;
				USES_XCTRUNNER = YES;
			};
			name = Debug;
		};
		9C096FCC1BFF965D00411D88 /* Release */ = {
			isa = XCBuildConfiguration;
			buildSettings = {
				INFOPLIST_FILE = discreetBookUITests/Info.plist;
				LD_RUNPATH_SEARCH_PATHS = "$(inherited) @executable_path/Frameworks @loader_path/Frameworks";
				PRODUCT_BUNDLE_IDENTIFIER = com.bellavoceproductions.discreetBookUITests;
				PRODUCT_NAME = discreetBook;
				SWIFT_VERSION = 3.0;
				TEST_TARGET_NAME = discreetBook;
				USES_XCTRUNNER = YES;
			};
			name = Release;
		};
/* End XCBuildConfiguration section */

/* Begin XCConfigurationList section */
		9C096F921BFF965D00411D88 /* Build configuration list for PBXProject "discreetBook" */ = {
			isa = XCConfigurationList;
			buildConfigurations = (
				9C096FC21BFF965D00411D88 /* Debug */,
				9C096FC31BFF965D00411D88 /* Release */,
			);
			defaultConfigurationIsVisible = 0;
			defaultConfigurationName = Release;
		};
		9C096FC41BFF965D00411D88 /* Build configuration list for PBXNativeTarget "discreetBook" */ = {
			isa = XCConfigurationList;
			buildConfigurations = (
				9C096FC51BFF965D00411D88 /* Debug */,
				9C096FC61BFF965D00411D88 /* Release */,
			);
			defaultConfigurationIsVisible = 0;
			defaultConfigurationName = Release;
		};
		9C096FC71BFF965D00411D88 /* Build configuration list for PBXNativeTarget "discreetBookTests" */ = {
			isa = XCConfigurationList;
			buildConfigurations = (
				9C096FC81BFF965D00411D88 /* Debug */,
				9C096FC91BFF965D00411D88 /* Release */,
			);
			defaultConfigurationIsVisible = 0;
			defaultConfigurationName = Release;
		};
		9C096FCA1BFF965D00411D88 /* Build configuration list for PBXNativeTarget "discreetBookUITests" */ = {
			isa = XCConfigurationList;
			buildConfigurations = (
				9C096FCB1BFF965D00411D88 /* Debug */,
				9C096FCC1BFF965D00411D88 /* Release */,
			);
			defaultConfigurationIsVisible = 0;
			defaultConfigurationName = Release;
		};
/* End XCConfigurationList section */

/* Begin XCVersionGroup section */
		9C096F9C1BFF965D00411D88 /* discreetBook.xcdatamodeld */ = {
			isa = XCVersionGroup;
			children = (
				9C096F9D1BFF965D00411D88 /* discreetBook.xcdatamodel */,
			);
			currentVersion = 9C096F9D1BFF965D00411D88 /* discreetBook.xcdatamodel */;
			path = discreetBook.xcdatamodeld;
			sourceTree = "<group>";
			versionGroupType = wrapper.xcdatamodel;
		};
/* End XCVersionGroup section */
	};
	rootObject = 9C096F8F1BFF965D00411D88 /* Project object */;
}
